// !$*UTF8*$!
{
	archiveVersion = 1;
	classes = {
	};
	objectVersion = 50;
	objects = {

/* Begin PBXBuildFile section */
		AA57EC6A264A7A6C00160A09 /* AppDelegate.swift in Sources */ = {isa = PBXBuildFile; fileRef = AA57EC69264A7A6C00160A09 /* AppDelegate.swift */; };
		AA57EC6C264A7A6C00160A09 /* SceneDelegate.swift in Sources */ = {isa = PBXBuildFile; fileRef = AA57EC6B264A7A6C00160A09 /* SceneDelegate.swift */; };
		AA57EC6E264A7A6C00160A09 /* DiscoverShoeVC.swift in Sources */ = {isa = PBXBuildFile; fileRef = AA57EC6D264A7A6C00160A09 /* DiscoverShoeVC.swift */; };
		AA57EC71264A7A6C00160A09 /* Main.storyboard in Resources */ = {isa = PBXBuildFile; fileRef = AA57EC6F264A7A6C00160A09 /* Main.storyboard */; };
		AA57EC73264A7A6E00160A09 /* Assets.xcassets in Resources */ = {isa = PBXBuildFile; fileRef = AA57EC72264A7A6E00160A09 /* Assets.xcassets */; };
		AA57EC76264A7A6E00160A09 /* LaunchScreen.storyboard in Resources */ = {isa = PBXBuildFile; fileRef = AA57EC74264A7A6E00160A09 /* LaunchScreen.storyboard */; };
		AA57EC7F264A7DA000160A09 /* Shoe.swift in Sources */ = {isa = PBXBuildFile; fileRef = AA57EC7E264A7DA000160A09 /* Shoe.swift */; };
		AA57EC82264A7E0900160A09 /* CartService.swift in Sources */ = {isa = PBXBuildFile; fileRef = AA57EC81264A7E0900160A09 /* CartService.swift */; };
		AA57EC85264A873800160A09 /* TopShoeCell.swift in Sources */ = {isa = PBXBuildFile; fileRef = AA57EC84264A873800160A09 /* TopShoeCell.swift */; };
/* End PBXBuildFile section */

/* Begin PBXFileReference section */
		AA57EC66264A7A6C00160A09 /* shoeShock.app */ = {isa = PBXFileReference; explicitFileType = wrapper.application; includeInIndex = 0; path = shoeShock.app; sourceTree = BUILT_PRODUCTS_DIR; };
		AA57EC69264A7A6C00160A09 /* AppDelegate.swift */ = {isa = PBXFileReference; lastKnownFileType = sourcecode.swift; path = AppDelegate.swift; sourceTree = "<group>"; };
		AA57EC6B264A7A6C00160A09 /* SceneDelegate.swift */ = {isa = PBXFileReference; lastKnownFileType = sourcecode.swift; path = SceneDelegate.swift; sourceTree = "<group>"; };
		AA57EC6D264A7A6C00160A09 /* DiscoverShoeVC.swift */ = {isa = PBXFileReference; lastKnownFileType = sourcecode.swift; path = DiscoverShoeVC.swift; sourceTree = "<group>"; };
		AA57EC70264A7A6C00160A09 /* Base */ = {isa = PBXFileReference; lastKnownFileType = file.storyboard; name = Base; path = Base.lproj/Main.storyboard; sourceTree = "<group>"; };
		AA57EC72264A7A6E00160A09 /* Assets.xcassets */ = {isa = PBXFileReference; lastKnownFileType = folder.assetcatalog; path = Assets.xcassets; sourceTree = "<group>"; };
		AA57EC75264A7A6E00160A09 /* Base */ = {isa = PBXFileReference; lastKnownFileType = file.storyboard; name = Base; path = Base.lproj/LaunchScreen.storyboard; sourceTree = "<group>"; };
		AA57EC77264A7A6E00160A09 /* Info.plist */ = {isa = PBXFileReference; lastKnownFileType = text.plist.xml; path = Info.plist; sourceTree = "<group>"; };
		AA57EC7E264A7DA000160A09 /* Shoe.swift */ = {isa = PBXFileReference; lastKnownFileType = sourcecode.swift; path = Shoe.swift; sourceTree = "<group>"; };
		AA57EC81264A7E0900160A09 /* CartService.swift */ = {isa = PBXFileReference; lastKnownFileType = sourcecode.swift; path = CartService.swift; sourceTree = "<group>"; };
		AA57EC84264A873800160A09 /* TopShoeCell.swift */ = {isa = PBXFileReference; lastKnownFileType = sourcecode.swift; path = TopShoeCell.swift; sourceTree = "<group>"; };
/* End PBXFileReference section */

/* Begin PBXFrameworksBuildPhase section */
		AA57EC63264A7A6C00160A09 /* Frameworks */ = {
			isa = PBXFrameworksBuildPhase;
			buildActionMask = 2147483647;
			files = (
			);
			runOnlyForDeploymentPostprocessing = 0;
		};
/* End PBXFrameworksBuildPhase section */

/* Begin PBXGroup section */
		AA57EC5D264A7A6C00160A09 = {
			isa = PBXGroup;
			children = (
				AA57EC68264A7A6C00160A09 /* shoeShock */,
				AA57EC67264A7A6C00160A09 /* Products */,
			);
			sourceTree = "<group>";
		};
		AA57EC67264A7A6C00160A09 /* Products */ = {
			isa = PBXGroup;
			children = (
				AA57EC66264A7A6C00160A09 /* shoeShock.app */,
			);
			name = Products;
			sourceTree = "<group>";
		};
		AA57EC68264A7A6C00160A09 /* shoeShock */ = {
			isa = PBXGroup;
			children = (
				AA57EC83264A871B00160A09 /* View */,
				AA57EC80264A7DF300160A09 /* Services */,
				AA57EC7D264A7D9500160A09 /* Models */,
				AA57EC69264A7A6C00160A09 /* AppDelegate.swift */,
				AA57EC6B264A7A6C00160A09 /* SceneDelegate.swift */,
				AA57EC6D264A7A6C00160A09 /* DiscoverShoeVC.swift */,
				AA57EC6F264A7A6C00160A09 /* Main.storyboard */,
				AA57EC72264A7A6E00160A09 /* Assets.xcassets */,
				AA57EC74264A7A6E00160A09 /* LaunchScreen.storyboard */,
				AA57EC77264A7A6E00160A09 /* Info.plist */,
			);
			path = shoeShock;
			sourceTree = "<group>";
		};
		AA57EC7D264A7D9500160A09 /* Models */ = {
			isa = PBXGroup;
			children = (
				AA57EC7E264A7DA000160A09 /* Shoe.swift */,
			);
			path = Models;
			sourceTree = "<group>";
		};
		AA57EC80264A7DF300160A09 /* Services */ = {
			isa = PBXGroup;
			children = (
				AA57EC81264A7E0900160A09 /* CartService.swift */,
			);
			path = Services;
			sourceTree = "<group>";
		};
		AA57EC83264A871B00160A09 /* View */ = {
			isa = PBXGroup;
			children = (
				AA57EC84264A873800160A09 /* TopShoeCell.swift */,
			);
			path = View;
			sourceTree = "<group>";
		};
/* End PBXGroup section */

/* Begin PBXNativeTarget section */
		AA57EC65264A7A6C00160A09 /* shoeShock */ = {
			isa = PBXNativeTarget;
			buildConfigurationList = AA57EC7A264A7A6E00160A09 /* Build configuration list for PBXNativeTarget "shoeShock" */;
			buildPhases = (
				AA57EC62264A7A6C00160A09 /* Sources */,
				AA57EC63264A7A6C00160A09 /* Frameworks */,
				AA57EC64264A7A6C00160A09 /* Resources */,
			);
			buildRules = (
			);
			dependencies = (
			);
			name = shoeShock;
			productName = shoeShock;
			productReference = AA57EC66264A7A6C00160A09 /* shoeShock.app */;
			productType = "com.apple.product-type.application";
		};
/* End PBXNativeTarget section */

/* Begin PBXProject section */
		AA57EC5E264A7A6C00160A09 /* Project object */ = {
			isa = PBXProject;
			attributes = {
				LastSwiftUpdateCheck = 1250;
				LastUpgradeCheck = 1250;
				TargetAttributes = {
					AA57EC65264A7A6C00160A09 = {
						CreatedOnToolsVersion = 12.5;
					};
				};
			};
			buildConfigurationList = AA57EC61264A7A6C00160A09 /* Build configuration list for PBXProject "shoeShock" */;
			compatibilityVersion = "Xcode 9.3";
			developmentRegion = en;
			hasScannedForEncodings = 0;
			knownRegions = (
				en,
				Base,
			);
			mainGroup = AA57EC5D264A7A6C00160A09;
			productRefGroup = AA57EC67264A7A6C00160A09 /* Products */;
			projectDirPath = "";
			projectRoot = "";
			targets = (
				AA57EC65264A7A6C00160A09 /* shoeShock */,
			);
		};
/* End PBXProject section */

/* Begin PBXResourcesBuildPhase section */
		AA57EC64264A7A6C00160A09 /* Resources */ = {
			isa = PBXResourcesBuildPhase;
			buildActionMask = 2147483647;
			files = (
				AA57EC76264A7A6E00160A09 /* LaunchScreen.storyboard in Resources */,
				AA57EC73264A7A6E00160A09 /* Assets.xcassets in Resources */,
				AA57EC71264A7A6C00160A09 /* Main.storyboard in Resources */,
			);
			runOnlyForDeploymentPostprocessing = 0;
		};
/* End PBXResourcesBuildPhase section */

/* Begin PBXSourcesBuildPhase section */
		AA57EC62264A7A6C00160A09 /* Sources */ = {
			isa = PBXSourcesBuildPhase;
			buildActionMask = 2147483647;
			files = (
				AA57EC82264A7E0900160A09 /* CartService.swift in Sources */,
				AA57EC6E264A7A6C00160A09 /* DiscoverShoeVC.swift in Sources */,
				AA57EC85264A873800160A09 /* TopShoeCell.swift in Sources */,
				AA57EC7F264A7DA000160A09 /* Shoe.swift in Sources */,
				AA57EC6A264A7A6C00160A09 /* AppDelegate.swift in Sources */,
				AA57EC6C264A7A6C00160A09 /* SceneDelegate.swift in Sources */,
			);
			runOnlyForDeploymentPostprocessing = 0;
		};
/* End PBXSourcesBuildPhase section */

/* Begin PBXVariantGroup section */
		AA57EC6F264A7A6C00160A09 /* Main.storyboard */ = {
			isa = PBXVariantGroup;
			children = (
				AA57EC70264A7A6C00160A09 /* Base */,
			);
			name = Main.storyboard;
			sourceTree = "<group>";
		};
		AA57EC74264A7A6E00160A09 /* LaunchScreen.storyboard */ = {
			isa = PBXVariantGroup;
			children = (
				AA57EC75264A7A6E00160A09 /* Base */,
			);
			name = LaunchScreen.storyboard;
			sourceTree = "<group>";
		};
/* End PBXVariantGroup section */

/* Begin XCBuildConfiguration section */
		AA57EC78264A7A6E00160A09 /* Debug */ = {
			isa = XCBuildConfiguration;
			buildSettings = {
				ALWAYS_SEARCH_USER_PATHS = NO;
				CLANG_ANALYZER_NONNULL = YES;
				CLANG_ANALYZER_NUMBER_OBJECT_CONVERSION = YES_AGGRESSIVE;
				CLANG_CXX_LANGUAGE_STANDARD = "gnu++14";
				CLANG_CXX_LIBRARY = "libc++";
				CLANG_ENABLE_MODULES = YES;
				CLANG_ENABLE_OBJC_ARC = YES;
				CLANG_ENABLE_OBJC_WEAK = YES;
				CLANG_WARN_BLOCK_CAPTURE_AUTORELEASING = YES;
				CLANG_WARN_BOOL_CONVERSION = YES;
				CLANG_WARN_COMMA = YES;
				CLANG_WARN_CONSTANT_CONVERSION = YES;
				CLANG_WARN_DEPRECATED_OBJC_IMPLEMENTATIONS = YES;
				CLANG_WARN_DIRECT_OBJC_ISA_USAGE = YES_ERROR;
				CLANG_WARN_DOCUMENTATION_COMMENTS = YES;
				CLANG_WARN_EMPTY_BODY = YES;
				CLANG_WARN_ENUM_CONVERSION = YES;
				CLANG_WARN_INFINITE_RECURSION = YES;
				CLANG_WARN_INT_CONVERSION = YES;
				CLANG_WARN_NON_LITERAL_NULL_CONVERSION = YES;
				CLANG_WARN_OBJC_IMPLICIT_RETAIN_SELF = YES;
				CLANG_WARN_OBJC_LITERAL_CONVERSION = YES;
				CLANG_WARN_OBJC_ROOT_CLASS = YES_ERROR;
				CLANG_WARN_QUOTED_INCLUDE_IN_FRAMEWORK_HEADER = YES;
				CLANG_WARN_RANGE_LOOP_ANALYSIS = YES;
				CLANG_WARN_STRICT_PROTOTYPES = YES;
				CLANG_WARN_SUSPICIOUS_MOVE = YES;
				CLANG_WARN_UNGUARDED_AVAILABILITY = YES_AGGRESSIVE;
				CLANG_WARN_UNREACHABLE_CODE = YES;
				CLANG_WARN__DUPLICATE_METHOD_MATCH = YES;
				COPY_PHASE_STRIP = NO;
				DEBUG_INFORMATION_FORMAT = dwarf;
				ENABLE_STRICT_OBJC_MSGSEND = YES;
				ENABLE_TESTABILITY = YES;
				GCC_C_LANGUAGE_STANDARD = gnu11;
				GCC_DYNAMIC_NO_PIC = NO;
				GCC_NO_COMMON_BLOCKS = YES;
				GCC_OPTIMIZATION_LEVEL = 0;
				GCC_PREPROCESSOR_DEFINITIONS = (
					"DEBUG=1",
					"$(inherited)",
				);
				GCC_WARN_64_TO_32_BIT_CONVERSION = YES;
				GCC_WARN_ABOUT_RETURN_TYPE = YES_ERROR;
				GCC_WARN_UNDECLARED_SELECTOR = YES;
				GCC_WARN_UNINITIALIZED_AUTOS = YES_AGGRESSIVE;
				GCC_WARN_UNUSED_FUNCTION = YES;
				GCC_WARN_UNUSED_VARIABLE = YES;
				IPHONEOS_DEPLOYMENT_TARGET = 14.5;
				MTL_ENABLE_DEBUG_INFO = INCLUDE_SOURCE;
				MTL_FAST_MATH = YES;
				ONLY_ACTIVE_ARCH = YES;
				SDKROOT = iphoneos;
				SWIFT_ACTIVE_COMPILATION_CONDITIONS = DEBUG;
				SWIFT_OPTIMIZATION_LEVEL = "-Onone";
			};
			name = Debug;
		};
		AA57EC79264A7A6E00160A09 /* Release */ = {
			isa = XCBuildConfiguration;
			buildSettings = {
				ALWAYS_SEARCH_USER_PATHS = NO;
				CLANG_ANALYZER_NONNULL = YES;
				CLANG_ANALYZER_NUMBER_OBJECT_CONVERSION = YES_AGGRESSIVE;
				CLANG_CXX_LANGUAGE_STANDARD = "gnu++14";
				CLANG_CXX_LIBRARY = "libc++";
				CLANG_ENABLE_MODULES = YES;
				CLANG_ENABLE_OBJC_ARC = YES;
				CLANG_ENABLE_OBJC_WEAK = YES;
				CLANG_WARN_BLOCK_CAPTURE_AUTORELEASING = YES;
				CLANG_WARN_BOOL_CONVERSION = YES;
				CLANG_WARN_COMMA = YES;
				CLANG_WARN_CONSTANT_CONVERSION = YES;
				CLANG_WARN_DEPRECATED_OBJC_IMPLEMENTATIONS = YES;
				CLANG_WARN_DIRECT_OBJC_ISA_USAGE = YES_ERROR;
				CLANG_WARN_DOCUMENTATION_COMMENTS = YES;
				CLANG_WARN_EMPTY_BODY = YES;
				CLANG_WARN_ENUM_CONVERSION = YES;
				CLANG_WARN_INFINITE_RECURSION = YES;
				CLANG_WARN_INT_CONVERSION = YES;
				CLANG_WARN_NON_LITERAL_NULL_CONVERSION = YES;
				CLANG_WARN_OBJC_IMPLICIT_RETAIN_SELF = YES;
				CLANG_WARN_OBJC_LITERAL_CONVERSION = YES;
				CLANG_WARN_OBJC_ROOT_CLASS = YES_ERROR;
				CLANG_WARN_QUOTED_INCLUDE_IN_FRAMEWORK_HEADER = YES;
				CLANG_WARN_RANGE_LOOP_ANALYSIS = YES;
				CLANG_WARN_STRICT_PROTOTYPES = YES;
				CLANG_WARN_SUSPICIOUS_MOVE = YES;
				CLANG_WARN_UNGUARDED_AVAILABILITY = YES_AGGRESSIVE;
				CLANG_WARN_UNREACHABLE_CODE = YES;
				CLANG_WARN__DUPLICATE_METHOD_MATCH = YES;
				COPY_PHASE_STRIP = NO;
				DEBUG_INFORMATION_FORMAT = "dwarf-with-dsym";
				ENABLE_NS_ASSERTIONS = NO;
				ENABLE_STRICT_OBJC_MSGSEND = YES;
				GCC_C_LANGUAGE_STANDARD = gnu11;
				GCC_NO_COMMON_BLOCKS = YES;
				GCC_WARN_64_TO_32_BIT_CONVERSION = YES;
				GCC_WARN_ABOUT_RETURN_TYPE = YES_ERROR;
				GCC_WARN_UNDECLARED_SELECTOR = YES;
				GCC_WARN_UNINITIALIZED_AUTOS = YES_AGGRESSIVE;
				GCC_WARN_UNUSED_FUNCTION = YES;
				GCC_WARN_UNUSED_VARIABLE = YES;
				IPHONEOS_DEPLOYMENT_TARGET = 14.5;
				MTL_ENABLE_DEBUG_INFO = NO;
				MTL_FAST_MATH = YES;
				SDKROOT = iphoneos;
				SWIFT_COMPILATION_MODE = wholemodule;
				SWIFT_OPTIMIZATION_LEVEL = "-O";
				VALIDATE_PRODUCT = YES;
			};
			name = Release;
		};
		AA57EC7B264A7A6E00160A09 /* Debug */ = {
			isa = XCBuildConfiguration;
			buildSettings = {
				ASSETCATALOG_COMPILER_APPICON_NAME = AppIcon;
				ASSETCATALOG_COMPILER_GLOBAL_ACCENT_COLOR_NAME = AccentColor;
				CODE_SIGN_STYLE = Automatic;
				DEVELOPMENT_TEAM = N8FJ8G35PA;
				INFOPLIST_FILE = shoeShock/Info.plist;
				LD_RUNPATH_SEARCH_PATHS = (
					"$(inherited)",
					"@executable_path/Frameworks",
				);
				PRODUCT_BUNDLE_IDENTIFIER = com.JuanTorres.shoeShock;
				PRODUCT_NAME = "$(TARGET_NAME)";
				SWIFT_VERSION = 5.0;
				TARGETED_DEVICE_FAMILY = "1,2";
			};
			name = Debug;
		};
		AA57EC7C264A7A6E00160A09 /* Release */ = {
			isa = XCBuildConfiguration;
			buildSettings = {
				ASSETCATALOG_COMPILER_APPICON_NAME = AppIcon;
				ASSETCATALOG_COMPILER_GLOBAL_ACCENT_COLOR_NAME = AccentColor;
				CODE_SIGN_STYLE = Automatic;
				DEVELOPMENT_TEAM = N8FJ8G35PA;
				INFOPLIST_FILE = shoeShock/Info.plist;
				LD_RUNPATH_SEARCH_PATHS = (
					"$(inherited)",
					"@executable_path/Frameworks",
				);
				PRODUCT_BUNDLE_IDENTIFIER = com.JuanTorres.shoeShock;
				PRODUCT_NAME = "$(TARGET_NAME)";
				SWIFT_VERSION = 5.0;
				TARGETED_DEVICE_FAMILY = "1,2";
			};
			name = Release;
		};
/* End XCBuildConfiguration section */

/* Begin XCConfigurationList section */
		AA57EC61264A7A6C00160A09 /* Build configuration list for PBXProject "shoeShock" */ = {
			isa = XCConfigurationList;
			buildConfigurations = (
				AA57EC78264A7A6E00160A09 /* Debug */,
				AA57EC79264A7A6E00160A09 /* Release */,
			);
			defaultConfigurationIsVisible = 0;
			defaultConfigurationName = Release;
		};
		AA57EC7A264A7A6E00160A09 /* Build configuration list for PBXNativeTarget "shoeShock" */ = {
			isa = XCConfigurationList;
			buildConfigurations = (
				AA57EC7B264A7A6E00160A09 /* Debug */,
				AA57EC7C264A7A6E00160A09 /* Release */,
			);
			defaultConfigurationIsVisible = 0;
			defaultConfigurationName = Release;
		};
/* End XCConfigurationList section */
	};
	rootObject = AA57EC5E264A7A6C00160A09 /* Project object */;
}
